
Microsoft Visual Studio Solution File, Format Version 12.00
# Visual Studio Version 17
VisualStudioVersion = 17.1.32421.90
MinimumVisualStudioVersion = 10.0.40219.1
Project("{2150E333-8FDC-42A3-9474-1A3956D46DE8}") = "src", "src", "{8B6224DA-0038-48BB-9D94-82300C7E064E}"
EndProject
Project("{2150E333-8FDC-42A3-9474-1A3956D46DE8}") = "Building Blocks", "Building Blocks", "{F03994BC-52A9-448F-A91F-AFDC6328E49B}"
EndProject
Project("{2150E333-8FDC-42A3-9474-1A3956D46DE8}") = "Services", "Services", "{31C68406-4E7C-478C-941D-C1D72075530C}"
EndProject
Project("{2150E333-8FDC-42A3-9474-1A3956D46DE8}") = "Web", "Web", "{4EB4501B-92C6-48FC-A19D-7BE63D74AE0C}"
EndProject
Project("{2150E333-8FDC-42A3-9474-1A3956D46DE8}") = "Identidade", "Identidade", "{A5D906CC-9C86-4BEF-B716-06A5C140B575}"
EndProject
Project("{FAE04EC0-301F-11D3-BF4B-00C04F79EFBC}") = "NSE.Identidade.API", "src\services\NSE.Identidade.API\NSE.Identidade.API.csproj", "{19858722-C9D4-420A-A601-3259A2DD819D}"
EndProject
Project("{2150E333-8FDC-42A3-9474-1A3956D46DE8}") = "MVC", "MVC", "{39D65867-9F32-4D4F-906D-91B6564CB876}"
EndProject
Project("{FAE04EC0-301F-11D3-BF4B-00C04F79EFBC}") = "NSE.WebApp.MVC", "src\web\NSE.WebApp.MVC\NSE.WebApp.MVC.csproj", "{D13AEDFB-7CD4-4C41-B291-0E1D192AC32D}"
EndProject
Project("{2150E333-8FDC-42A3-9474-1A3956D46DE8}") = "Core", "Core", "{9D77E1E8-5F75-4181-936A-03467203C829}"
EndProject
Project("{FAE04EC0-301F-11D3-BF4B-00C04F79EFBC}") = "NSE.Core", "src\building blocks\NSE.Core\NSE.Core.csproj", "{8E1795F9-B47A-4CDA-B953-3337E7B14888}"
EndProject
Project("{2150E333-8FDC-42A3-9474-1A3956D46DE8}") = "Carrinho", "Carrinho", "{50203A82-4AC6-4D71-BB6A-2F59D2F1B479}"
EndProject
Project("{FAE04EC0-301F-11D3-BF4B-00C04F79EFBC}") = "NSE.Carrinho.API", "src\services\NSE.Carrinho.API\NSE.Carrinho.API.csproj", "{B5399815-8AB9-4FC0-9CE2-F33170D3F313}"
EndProject
Project("{2150E333-8FDC-42A3-9474-1A3956D46DE8}") = "Catalogo", "Catalogo", "{E1CC314C-8F56-4C45-B740-3E82E4B4CC9E}"
EndProject
Project("{FAE04EC0-301F-11D3-BF4B-00C04F79EFBC}") = "NSE.Catalogo.API", "src\services\NSE.Catalogo.API\NSE.Catalogo.API.csproj", "{6FF61C2C-DC7F-4703-B156-4DEB166F38E0}"
EndProject
Project("{2150E333-8FDC-42A3-9474-1A3956D46DE8}") = "Cliente", "Cliente", "{FFAE1A57-AE97-41BB-867F-C6074B277533}"
EndProject
Project("{FAE04EC0-301F-11D3-BF4B-00C04F79EFBC}") = "NSE.Cliente.API", "src\services\NSE.Cliente.API\NSE.Cliente.API.csproj", "{E0A586CC-3192-4E4A-AC15-06E18815B60C}"
EndProject
Project("{2150E333-8FDC-42A3-9474-1A3956D46DE8}") = "Pagamento", "Pagamento", "{9F4938F9-929D-4A76-A166-FFA9ACE2536C}"
EndProject
Project("{FAE04EC0-301F-11D3-BF4B-00C04F79EFBC}") = "NSE.Pagamento.API", "src\services\NSE.Pagamento.API\NSE.Pagamento.API.csproj", "{D7FFCC8F-E69D-4FDB-B0E5-D676FD8611D3}"
EndProject
Project("{2150E333-8FDC-42A3-9474-1A3956D46DE8}") = "Pedido", "Pedido", "{53EA2303-566B-41AA-8E9D-0D61C1FE514F}"
EndProject
Project("{FAE04EC0-301F-11D3-BF4B-00C04F79EFBC}") = "NSE.Pedido.API", "src\services\NSE.Pedido.API\NSE.Pedido.API.csproj", "{D1FFFDFA-5075-465D-872C-6FEBA27B35A5}"
EndProject
Global
	GlobalSection(SolutionConfigurationPlatforms) = preSolution
		Debug|Any CPU = Debug|Any CPU
		Release|Any CPU = Release|Any CPU
	EndGlobalSection
	GlobalSection(ProjectConfigurationPlatforms) = postSolution
		{19858722-C9D4-420A-A601-3259A2DD819D}.Debug|Any CPU.ActiveCfg = Debug|Any CPU
		{19858722-C9D4-420A-A601-3259A2DD819D}.Debug|Any CPU.Build.0 = Debug|Any CPU
		{19858722-C9D4-420A-A601-3259A2DD819D}.Release|Any CPU.ActiveCfg = Release|Any CPU
		{19858722-C9D4-420A-A601-3259A2DD819D}.Release|Any CPU.Build.0 = Release|Any CPU
		{D13AEDFB-7CD4-4C41-B291-0E1D192AC32D}.Debug|Any CPU.ActiveCfg = Debug|Any CPU
		{D13AEDFB-7CD4-4C41-B291-0E1D192AC32D}.Debug|Any CPU.Build.0 = Debug|Any CPU
		{D13AEDFB-7CD4-4C41-B291-0E1D192AC32D}.Release|Any CPU.ActiveCfg = Release|Any CPU
		{D13AEDFB-7CD4-4C41-B291-0E1D192AC32D}.Release|Any CPU.Build.0 = Release|Any CPU
		{8E1795F9-B47A-4CDA-B953-3337E7B14888}.Debug|Any CPU.ActiveCfg = Debug|Any CPU
		{8E1795F9-B47A-4CDA-B953-3337E7B14888}.Debug|Any CPU.Build.0 = Debug|Any CPU
		{8E1795F9-B47A-4CDA-B953-3337E7B14888}.Release|Any CPU.ActiveCfg = Release|Any CPU
		{8E1795F9-B47A-4CDA-B953-3337E7B14888}.Release|Any CPU.Build.0 = Release|Any CPU
		{B5399815-8AB9-4FC0-9CE2-F33170D3F313}.Debug|Any CPU.ActiveCfg = Debug|Any CPU
		{B5399815-8AB9-4FC0-9CE2-F33170D3F313}.Debug|Any CPU.Build.0 = Debug|Any CPU
		{B5399815-8AB9-4FC0-9CE2-F33170D3F313}.Release|Any CPU.ActiveCfg = Release|Any CPU
		{B5399815-8AB9-4FC0-9CE2-F33170D3F313}.Release|Any CPU.Build.0 = Release|Any CPU
		{6FF61C2C-DC7F-4703-B156-4DEB166F38E0}.Debug|Any CPU.ActiveCfg = Debug|Any CPU
		{6FF61C2C-DC7F-4703-B156-4DEB166F38E0}.Debug|Any CPU.Build.0 = Debug|Any CPU
		{6FF61C2C-DC7F-4703-B156-4DEB166F38E0}.Release|Any CPU.ActiveCfg = Release|Any CPU
		{6FF61C2C-DC7F-4703-B156-4DEB166F38E0}.Release|Any CPU.Build.0 = Release|Any CPU
		{E0A586CC-3192-4E4A-AC15-06E18815B60C}.Debug|Any CPU.ActiveCfg = Debug|Any CPU
		{E0A586CC-3192-4E4A-AC15-06E18815B60C}.Debug|Any CPU.Build.0 = Debug|Any CPU
		{E0A586CC-3192-4E4A-AC15-06E18815B60C}.Release|Any CPU.ActiveCfg = Release|Any CPU
		{E0A586CC-3192-4E4A-AC15-06E18815B60C}.Release|Any CPU.Build.0 = Release|Any CPU
		{D7FFCC8F-E69D-4FDB-B0E5-D676FD8611D3}.Debug|Any CPU.ActiveCfg = Debug|Any CPU
		{D7FFCC8F-E69D-4FDB-B0E5-D676FD8611D3}.Debug|Any CPU.Build.0 = Debug|Any CPU
		{D7FFCC8F-E69D-4FDB-B0E5-D676FD8611D3}.Release|Any CPU.ActiveCfg = Release|Any CPU
		{D7FFCC8F-E69D-4FDB-B0E5-D676FD8611D3}.Release|Any CPU.Build.0 = Release|Any CPU
		{D1FFFDFA-5075-465D-872C-6FEBA27B35A5}.Debug|Any CPU.ActiveCfg = Debug|Any CPU
		{D1FFFDFA-5075-465D-872C-6FEBA27B35A5}.Debug|Any CPU.Build.0 = Debug|Any CPU
		{D1FFFDFA-5075-465D-872C-6FEBA27B35A5}.Release|Any CPU.ActiveCfg = Release|Any CPU
		{D1FFFDFA-5075-465D-872C-6FEBA27B35A5}.Release|Any CPU.Build.0 = Release|Any CPU
	EndGlobalSection
	GlobalSection(SolutionProperties) = preSolution
		HideSolutionNode = FALSE
	EndGlobalSection
	GlobalSection(NestedProjects) = preSolution
		{F03994BC-52A9-448F-A91F-AFDC6328E49B} = {8B6224DA-0038-48BB-9D94-82300C7E064E}
		{31C68406-4E7C-478C-941D-C1D72075530C} = {8B6224DA-0038-48BB-9D94-82300C7E064E}
		{4EB4501B-92C6-48FC-A19D-7BE63D74AE0C} = {8B6224DA-0038-48BB-9D94-82300C7E064E}
		{A5D906CC-9C86-4BEF-B716-06A5C140B575} = {31C68406-4E7C-478C-941D-C1D72075530C}
		{19858722-C9D4-420A-A601-3259A2DD819D} = {A5D906CC-9C86-4BEF-B716-06A5C140B575}
		{39D65867-9F32-4D4F-906D-91B6564CB876} = {4EB4501B-92C6-48FC-A19D-7BE63D74AE0C}
		{D13AEDFB-7CD4-4C41-B291-0E1D192AC32D} = {39D65867-9F32-4D4F-906D-91B6564CB876}
		{9D77E1E8-5F75-4181-936A-03467203C829} = {F03994BC-52A9-448F-A91F-AFDC6328E49B}
		{8E1795F9-B47A-4CDA-B953-3337E7B14888} = {9D77E1E8-5F75-4181-936A-03467203C829}
		{50203A82-4AC6-4D71-BB6A-2F59D2F1B479} = {31C68406-4E7C-478C-941D-C1D72075530C}
		{B5399815-8AB9-4FC0-9CE2-F33170D3F313} = {50203A82-4AC6-4D71-BB6A-2F59D2F1B479}
		{E1CC314C-8F56-4C45-B740-3E82E4B4CC9E} = {31C68406-4E7C-478C-941D-C1D72075530C}
		{6FF61C2C-DC7F-4703-B156-4DEB166F38E0} = {E1CC314C-8F56-4C45-B740-3E82E4B4CC9E}
		{FFAE1A57-AE97-41BB-867F-C6074B277533} = {31C68406-4E7C-478C-941D-C1D72075530C}
		{E0A586CC-3192-4E4A-AC15-06E18815B60C} = {FFAE1A57-AE97-41BB-867F-C6074B277533}
		{9F4938F9-929D-4A76-A166-FFA9ACE2536C} = {31C68406-4E7C-478C-941D-C1D72075530C}
		{D7FFCC8F-E69D-4FDB-B0E5-D676FD8611D3} = {9F4938F9-929D-4A76-A166-FFA9ACE2536C}
		{53EA2303-566B-41AA-8E9D-0D61C1FE514F} = {31C68406-4E7C-478C-941D-C1D72075530C}
		{D1FFFDFA-5075-465D-872C-6FEBA27B35A5} = {53EA2303-566B-41AA-8E9D-0D61C1FE514F}
	EndGlobalSection
	GlobalSection(ExtensibilityGlobals) = postSolution
		SolutionGuid = {319DCFE3-41FA-41A1-B716-1ADBC033BD15}
	EndGlobalSection
EndGlobal
